
Microsoft Visual Studio Solution File, Format Version 12.00
# Visual Studio Version 16
VisualStudioVersion = 16.0.30011.22
MinimumVisualStudioVersion = 10.0.40219.1
Project("{FAE04EC0-301F-11D3-BF4B-00C04F79EFBC}") = "Projeto_Teste", "Projeto_Teste.csproj", "{C08AE0BF-9B47-4390-9640-794CE8423CED}"
EndProject
Global
	GlobalSection(SolutionConfigurationPlatforms) = preSolution
		Debug|Any CPU = Debug|Any CPU
		Release|Any CPU = Release|Any CPU
	EndGlobalSection
	GlobalSection(ProjectConfigurationPlatforms) = postSolution
		{C08AE0BF-9B47-4390-9640-794CE8423CED}.Debug|Any CPU.ActiveCfg = Debug|Any CPU
		{C08AE0BF-9B47-4390-9640-794CE8423CED}.Debug|Any CPU.Build.0 = Debug|Any CPU
		{C08AE0BF-9B47-4390-9640-794CE8423CED}.Release|Any CPU.ActiveCfg = Release|Any CPU
		{C08AE0BF-9B47-4390-9640-794CE8423CED}.Release|Any CPU.Build.0 = Release|Any CPU
	EndGlobalSection
	GlobalSection(SolutionProperties) = preSolution
		HideSolutionNode = FALSE
	EndGlobalSection
	GlobalSection(ExtensibilityGlobals) = postSolution
		SolutionGuid = {DEE0F626-A167-4FA7-8646-0310DE7C2445}
	EndGlobalSection
EndGlobal
